
Microsoft Visual Studio Solution File, Format Version 12.00
# Visual Studio Version 17
VisualStudioVersion = 17.11.35327.3
MinimumVisualStudioVersion = 10.0.40219.1
Project("{9A19103F-16F7-4668-BE54-9A1E7A4F7556}") = "ProdutoAPI.Tests", "ProdutoAPI.Tests.csproj", "{DCAD2ED7-F6D4-402C-91FC-B42886797021}"
EndProject
Global
	GlobalSection(SolutionConfigurationPlatforms) = preSolution
		Debug|Any CPU = Debug|Any CPU
		Release|Any CPU = Release|Any CPU
	EndGlobalSection
	GlobalSection(ProjectConfigurationPlatforms) = postSolution
		{DCAD2ED7-F6D4-402C-91FC-B42886797021}.Debug|Any CPU.ActiveCfg = Debug|Any CPU
		{DCAD2ED7-F6D4-402C-91FC-B42886797021}.Debug|Any CPU.Build.0 = Debug|Any CPU
		{DCAD2ED7-F6D4-402C-91FC-B42886797021}.Release|Any CPU.ActiveCfg = Release|Any CPU
		{DCAD2ED7-F6D4-402C-91FC-B42886797021}.Release|Any CPU.Build.0 = Release|Any CPU
	EndGlobalSection
	GlobalSection(SolutionProperties) = preSolution
		HideSolutionNode = FALSE
	EndGlobalSection
	GlobalSection(ExtensibilityGlobals) = postSolution
		SolutionGuid = {3FFCD4BD-9296-4E7F-BF6E-1A4D857F6645}
	EndGlobalSection
EndGlobal
